
Microsoft Visual Studio Solution File, Format Version 12.00
# Visual Studio Version 17
VisualStudioVersion = 17.0.31903.59
MinimumVisualStudioVersion = 10.0.40219.1
Project("{2150E333-8FDC-42A3-9474-1A3956D46DE8}") = "src", "src", "{F1BF30A8-6AC9-458A-BCE2-BC93348F8B7C}"
EndProject
Project("{FAE04EC0-301F-11D3-BF4B-00C04F79EFBC}") = "WinSafeClean.Core", "src\WinSafeClean.Core\WinSafeClean.Core.csproj", "{B511750C-1ACE-4AE4-8CC2-97AE4107B3F0}"
EndProject
Project("{2150E333-8FDC-42A3-9474-1A3956D46DE8}") = "tests", "tests", "{802DF385-D6B8-4C87-86CA-901A72C3718C}"
EndProject
Project("{FAE04EC0-301F-11D3-BF4B-00C04F79EFBC}") = "WinSafeClean.Core.Tests", "tests\WinSafeClean.Core.Tests\WinSafeClean.Core.Tests.csproj", "{68198893-CD89-4766-A7F1-91AC763B0233}"
EndProject
Project("{FAE04EC0-301F-11D3-BF4B-00C04F79EFBC}") = "WinSafeClean.Cli", "src\WinSafeClean.Cli\WinSafeClean.Cli.csproj", "{656D073D-4CEB-4F4C-80DC-BF76279197EC}"
EndProject
Project("{FAE04EC0-301F-11D3-BF4B-00C04F79EFBC}") = "WinSafeClean.Cli.Tests", "tests\WinSafeClean.Cli.Tests\WinSafeClean.Cli.Tests.csproj", "{30070DBB-CD7E-4906-B0B3-00B1DC000A87}"
EndProject
Project("{FAE04EC0-301F-11D3-BF4B-00C04F79EFBC}") = "WinSafeClean.Windows", "src\WinSafeClean.Windows\WinSafeClean.Windows.csproj", "{9625F987-8C81-46B4-BD69-DFF82630F1BB}"
EndProject
Project("{FAE04EC0-301F-11D3-BF4B-00C04F79EFBC}") = "WinSafeClean.Windows.Tests", "tests\WinSafeClean.Windows.Tests\WinSafeClean.Windows.Tests.csproj", "{CBF13A53-E22A-40F4-A5F5-4B1AF7788395}"
EndProject
Project("{FAE04EC0-301F-11D3-BF4B-00C04F79EFBC}") = "WinSafeClean.CleanerRules", "src\WinSafeClean.CleanerRules\WinSafeClean.CleanerRules.csproj", "{EA0B5E1F-59D0-4E95-BF17-394B0CBAEE5C}"
EndProject
Project("{FAE04EC0-301F-11D3-BF4B-00C04F79EFBC}") = "WinSafeClean.CleanerRules.Tests", "tests\WinSafeClean.CleanerRules.Tests\WinSafeClean.CleanerRules.Tests.csproj", "{F618F3C1-BD7E-4E07-B3D8-6DC8C66937E8}"
EndProject
Project("{FAE04EC0-301F-11D3-BF4B-00C04F79EFBC}") = "WinSafeClean.Ui", "src\WinSafeClean.Ui\WinSafeClean.Ui.csproj", "{A61286CC-F8CA-42C2-B056-3D73460EF5F1}"
EndProject
Project("{FAE04EC0-301F-11D3-BF4B-00C04F79EFBC}") = "WinSafeClean.Ui.Tests", "tests\WinSafeClean.Ui.Tests\WinSafeClean.Ui.Tests.csproj", "{74DBEF7E-29A7-44C0-954B-186F014270C0}"
EndProject
Global
	GlobalSection(SolutionConfigurationPlatforms) = preSolution
		Debug|Any CPU = Debug|Any CPU
		Release|Any CPU = Release|Any CPU
	EndGlobalSection
	GlobalSection(SolutionProperties) = preSolution
		HideSolutionNode = FALSE
	EndGlobalSection
	GlobalSection(ProjectConfigurationPlatforms) = postSolution
		{B511750C-1ACE-4AE4-8CC2-97AE4107B3F0}.Debug|Any CPU.ActiveCfg = Debug|Any CPU
		{B511750C-1ACE-4AE4-8CC2-97AE4107B3F0}.Debug|Any CPU.Build.0 = Debug|Any CPU
		{B511750C-1ACE-4AE4-8CC2-97AE4107B3F0}.Release|Any CPU.ActiveCfg = Release|Any CPU
		{B511750C-1ACE-4AE4-8CC2-97AE4107B3F0}.Release|Any CPU.Build.0 = Release|Any CPU
		{68198893-CD89-4766-A7F1-91AC763B0233}.Debug|Any CPU.ActiveCfg = Debug|Any CPU
		{68198893-CD89-4766-A7F1-91AC763B0233}.Debug|Any CPU.Build.0 = Debug|Any CPU
		{68198893-CD89-4766-A7F1-91AC763B0233}.Release|Any CPU.ActiveCfg = Release|Any CPU
		{68198893-CD89-4766-A7F1-91AC763B0233}.Release|Any CPU.Build.0 = Release|Any CPU
		{656D073D-4CEB-4F4C-80DC-BF76279197EC}.Debug|Any CPU.ActiveCfg = Debug|Any CPU
		{656D073D-4CEB-4F4C-80DC-BF76279197EC}.Debug|Any CPU.Build.0 = Debug|Any CPU
		{656D073D-4CEB-4F4C-80DC-BF76279197EC}.Release|Any CPU.ActiveCfg = Release|Any CPU
		{656D073D-4CEB-4F4C-80DC-BF76279197EC}.Release|Any CPU.Build.0 = Release|Any CPU
		{30070DBB-CD7E-4906-B0B3-00B1DC000A87}.Debug|Any CPU.ActiveCfg = Debug|Any CPU
		{30070DBB-CD7E-4906-B0B3-00B1DC000A87}.Debug|Any CPU.Build.0 = Debug|Any CPU
		{30070DBB-CD7E-4906-B0B3-00B1DC000A87}.Release|Any CPU.ActiveCfg = Release|Any CPU
		{30070DBB-CD7E-4906-B0B3-00B1DC000A87}.Release|Any CPU.Build.0 = Release|Any CPU
		{9625F987-8C81-46B4-BD69-DFF82630F1BB}.Debug|Any CPU.ActiveCfg = Debug|Any CPU
		{9625F987-8C81-46B4-BD69-DFF82630F1BB}.Debug|Any CPU.Build.0 = Debug|Any CPU
		{9625F987-8C81-46B4-BD69-DFF82630F1BB}.Release|Any CPU.ActiveCfg = Release|Any CPU
		{9625F987-8C81-46B4-BD69-DFF82630F1BB}.Release|Any CPU.Build.0 = Release|Any CPU
		{CBF13A53-E22A-40F4-A5F5-4B1AF7788395}.Debug|Any CPU.ActiveCfg = Debug|Any CPU
		{CBF13A53-E22A-40F4-A5F5-4B1AF7788395}.Debug|Any CPU.Build.0 = Debug|Any CPU
		{CBF13A53-E22A-40F4-A5F5-4B1AF7788395}.Release|Any CPU.ActiveCfg = Release|Any CPU
		{CBF13A53-E22A-40F4-A5F5-4B1AF7788395}.Release|Any CPU.Build.0 = Release|Any CPU
		{EA0B5E1F-59D0-4E95-BF17-394B0CBAEE5C}.Debug|Any CPU.ActiveCfg = Debug|Any CPU
		{EA0B5E1F-59D0-4E95-BF17-394B0CBAEE5C}.Debug|Any CPU.Build.0 = Debug|Any CPU
		{EA0B5E1F-59D0-4E95-BF17-394B0CBAEE5C}.Release|Any CPU.ActiveCfg = Release|Any CPU
		{EA0B5E1F-59D0-4E95-BF17-394B0CBAEE5C}.Release|Any CPU.Build.0 = Release|Any CPU
		{F618F3C1-BD7E-4E07-B3D8-6DC8C66937E8}.Debug|Any CPU.ActiveCfg = Debug|Any CPU
		{F618F3C1-BD7E-4E07-B3D8-6DC8C66937E8}.Debug|Any CPU.Build.0 = Debug|Any CPU
		{F618F3C1-BD7E-4E07-B3D8-6DC8C66937E8}.Release|Any CPU.ActiveCfg = Release|Any CPU
		{F618F3C1-BD7E-4E07-B3D8-6DC8C66937E8}.Release|Any CPU.Build.0 = Release|Any CPU
		{A61286CC-F8CA-42C2-B056-3D73460EF5F1}.Debug|Any CPU.ActiveCfg = Debug|Any CPU
		{A61286CC-F8CA-42C2-B056-3D73460EF5F1}.Debug|Any CPU.Build.0 = Debug|Any CPU
		{A61286CC-F8CA-42C2-B056-3D73460EF5F1}.Release|Any CPU.ActiveCfg = Release|Any CPU
		{A61286CC-F8CA-42C2-B056-3D73460EF5F1}.Release|Any CPU.Build.0 = Release|Any CPU
		{74DBEF7E-29A7-44C0-954B-186F014270C0}.Debug|Any CPU.ActiveCfg = Debug|Any CPU
		{74DBEF7E-29A7-44C0-954B-186F014270C0}.Debug|Any CPU.Build.0 = Debug|Any CPU
		{74DBEF7E-29A7-44C0-954B-186F014270C0}.Release|Any CPU.ActiveCfg = Release|Any CPU
		{74DBEF7E-29A7-44C0-954B-186F014270C0}.Release|Any CPU.Build.0 = Release|Any CPU
	EndGlobalSection
	GlobalSection(NestedProjects) = preSolution
		{B511750C-1ACE-4AE4-8CC2-97AE4107B3F0} = {F1BF30A8-6AC9-458A-BCE2-BC93348F8B7C}
		{68198893-CD89-4766-A7F1-91AC763B0233} = {802DF385-D6B8-4C87-86CA-901A72C3718C}
		{656D073D-4CEB-4F4C-80DC-BF76279197EC} = {F1BF30A8-6AC9-458A-BCE2-BC93348F8B7C}
		{30070DBB-CD7E-4906-B0B3-00B1DC000A87} = {802DF385-D6B8-4C87-86CA-901A72C3718C}
		{9625F987-8C81-46B4-BD69-DFF82630F1BB} = {F1BF30A8-6AC9-458A-BCE2-BC93348F8B7C}
		{CBF13A53-E22A-40F4-A5F5-4B1AF7788395} = {802DF385-D6B8-4C87-86CA-901A72C3718C}
		{EA0B5E1F-59D0-4E95-BF17-394B0CBAEE5C} = {F1BF30A8-6AC9-458A-BCE2-BC93348F8B7C}
		{F618F3C1-BD7E-4E07-B3D8-6DC8C66937E8} = {802DF385-D6B8-4C87-86CA-901A72C3718C}
		{A61286CC-F8CA-42C2-B056-3D73460EF5F1} = {F1BF30A8-6AC9-458A-BCE2-BC93348F8B7C}
		{74DBEF7E-29A7-44C0-954B-186F014270C0} = {802DF385-D6B8-4C87-86CA-901A72C3718C}
	EndGlobalSection
EndGlobal
